
Microsoft Visual Studio Solution File, Format Version 12.00
# Visual Studio Version 16
VisualStudioVersion = 16.0.28803.352
MinimumVisualStudioVersion = 10.0.40219.1
Project("{FAE04EC0-301F-11D3-BF4B-00C04F79EFBC}") = "WpfApp1", "WpfApp1\WpfApp1.csproj", "{E3559011-6FD9-4B76-83CE-07F16A706A2D}"
EndProject
Global
	GlobalSection(SolutionConfigurationPlatforms) = preSolution
		Debug|Any CPU = Debug|Any CPU
		Release|Any CPU = Release|Any CPU
	EndGlobalSection
	GlobalSection(ProjectConfigurationPlatforms) = postSolution
		{E3559011-6FD9-4B76-83CE-07F16A706A2D}.Debug|Any CPU.ActiveCfg = Debug|Any CPU
		{E3559011-6FD9-4B76-83CE-07F16A706A2D}.Debug|Any CPU.Build.0 = Debug|Any CPU
		{E3559011-6FD9-4B76-83CE-07F16A706A2D}.Release|Any CPU.ActiveCfg = Release|Any CPU
		{E3559011-6FD9-4B76-83CE-07F16A706A2D}.Release|Any CPU.Build.0 = Release|Any CPU
	EndGlobalSection
	GlobalSection(SolutionProperties) = preSolution
		HideSolutionNode = FALSE
	EndGlobalSection
	GlobalSection(ExtensibilityGlobals) = postSolution
		SolutionGuid = {FB5F2DC3-619B-45F3-AAF1-18427B7F602D}
	EndGlobalSection
EndGlobal
